// !$*UTF8*$!
{
	archiveVersion = 1;
	classes = {
	};
	objectVersion = 50;
	objects = {

/* Begin PBXBuildFile section */
		1F5BB70A23DD21A4009C9B8E /* MyFortuneViewController.swift in Sources */ = {isa = PBXBuildFile; fileRef = 1F5BB70923DD21A4009C9B8E /* MyFortuneViewController.swift */; };
		1F5DA2B623DCF08B002B5799 /* AppDelegate.swift in Sources */ = {isa = PBXBuildFile; fileRef = 1F5DA2B523DCF08B002B5799 /* AppDelegate.swift */; };
		1F5DA2B823DCF08B002B5799 /* SceneDelegate.swift in Sources */ = {isa = PBXBuildFile; fileRef = 1F5DA2B723DCF08B002B5799 /* SceneDelegate.swift */; };
		1F5DA2BA23DCF08B002B5799 /* IntroductionViewController.swift in Sources */ = {isa = PBXBuildFile; fileRef = 1F5DA2B923DCF08B002B5799 /* IntroductionViewController.swift */; };
		1F5DA2BD23DCF08B002B5799 /* Main.storyboard in Resources */ = {isa = PBXBuildFile; fileRef = 1F5DA2BB23DCF08B002B5799 /* Main.storyboard */; };
		1F5DA2C023DCF08B002B5799 /* FortuneCat.xcdatamodeld in Sources */ = {isa = PBXBuildFile; fileRef = 1F5DA2BE23DCF08B002B5799 /* FortuneCat.xcdatamodeld */; };
		1F5DA2C223DCF08E002B5799 /* Assets.xcassets in Resources */ = {isa = PBXBuildFile; fileRef = 1F5DA2C123DCF08E002B5799 /* Assets.xcassets */; };
		1F5DA2C523DCF08E002B5799 /* LaunchScreen.storyboard in Resources */ = {isa = PBXBuildFile; fileRef = 1F5DA2C323DCF08E002B5799 /* LaunchScreen.storyboard */; };
		1F5DA2D023DCF08E002B5799 /* FortuneCatTests.swift in Sources */ = {isa = PBXBuildFile; fileRef = 1F5DA2CF23DCF08E002B5799 /* FortuneCatTests.swift */; };
		1F5DA2DB23DCF08E002B5799 /* FortuneCatUITests.swift in Sources */ = {isa = PBXBuildFile; fileRef = 1F5DA2DA23DCF08E002B5799 /* FortuneCatUITests.swift */; };
		1F5DA2E923DCF2F1002B5799 /* CallToActionViewController.swift in Sources */ = {isa = PBXBuildFile; fileRef = 1F5DA2E823DCF2F1002B5799 /* CallToActionViewController.swift */; };
/* End PBXBuildFile section */

/* Begin PBXContainerItemProxy section */
		1F5DA2CC23DCF08E002B5799 /* PBXContainerItemProxy */ = {
			isa = PBXContainerItemProxy;
			containerPortal = 1F5DA2AA23DCF08A002B5799 /* Project object */;
			proxyType = 1;
			remoteGlobalIDString = 1F5DA2B123DCF08A002B5799;
			remoteInfo = FortuneCat;
		};
		1F5DA2D723DCF08E002B5799 /* PBXContainerItemProxy */ = {
			isa = PBXContainerItemProxy;
			containerPortal = 1F5DA2AA23DCF08A002B5799 /* Project object */;
			proxyType = 1;
			remoteGlobalIDString = 1F5DA2B123DCF08A002B5799;
			remoteInfo = FortuneCat;
		};
/* End PBXContainerItemProxy section */

/* Begin PBXFileReference section */
		1F5BB70923DD21A4009C9B8E /* MyFortuneViewController.swift */ = {isa = PBXFileReference; lastKnownFileType = sourcecode.swift; path = MyFortuneViewController.swift; sourceTree = "<group>"; };
		1F5DA2B223DCF08A002B5799 /* FortuneCat.app */ = {isa = PBXFileReference; explicitFileType = wrapper.application; includeInIndex = 0; path = FortuneCat.app; sourceTree = BUILT_PRODUCTS_DIR; };
		1F5DA2B523DCF08B002B5799 /* AppDelegate.swift */ = {isa = PBXFileReference; lastKnownFileType = sourcecode.swift; path = AppDelegate.swift; sourceTree = "<group>"; };
		1F5DA2B723DCF08B002B5799 /* SceneDelegate.swift */ = {isa = PBXFileReference; lastKnownFileType = sourcecode.swift; path = SceneDelegate.swift; sourceTree = "<group>"; };
		1F5DA2B923DCF08B002B5799 /* IntroductionViewController.swift */ = {isa = PBXFileReference; lastKnownFileType = sourcecode.swift; path = IntroductionViewController.swift; sourceTree = "<group>"; };
		1F5DA2BC23DCF08B002B5799 /* Base */ = {isa = PBXFileReference; lastKnownFileType = file.storyboard; name = Base; path = Base.lproj/Main.storyboard; sourceTree = "<group>"; };
		1F5DA2BF23DCF08B002B5799 /* FortuneCat.xcdatamodel */ = {isa = PBXFileReference; lastKnownFileType = wrapper.xcdatamodel; path = FortuneCat.xcdatamodel; sourceTree = "<group>"; };
		1F5DA2C123DCF08E002B5799 /* Assets.xcassets */ = {isa = PBXFileReference; lastKnownFileType = folder.assetcatalog; path = Assets.xcassets; sourceTree = "<group>"; };
		1F5DA2C423DCF08E002B5799 /* Base */ = {isa = PBXFileReference; lastKnownFileType = file.storyboard; name = Base; path = Base.lproj/LaunchScreen.storyboard; sourceTree = "<group>"; };
		1F5DA2C623DCF08E002B5799 /* Info.plist */ = {isa = PBXFileReference; lastKnownFileType = text.plist.xml; path = Info.plist; sourceTree = "<group>"; };
		1F5DA2CB23DCF08E002B5799 /* FortuneCatTests.xctest */ = {isa = PBXFileReference; explicitFileType = wrapper.cfbundle; includeInIndex = 0; path = FortuneCatTests.xctest; sourceTree = BUILT_PRODUCTS_DIR; };
		1F5DA2CF23DCF08E002B5799 /* FortuneCatTests.swift */ = {isa = PBXFileReference; lastKnownFileType = sourcecode.swift; path = FortuneCatTests.swift; sourceTree = "<group>"; };
		1F5DA2D123DCF08E002B5799 /* Info.plist */ = {isa = PBXFileReference; lastKnownFileType = text.plist.xml; path = Info.plist; sourceTree = "<group>"; };
		1F5DA2D623DCF08E002B5799 /* FortuneCatUITests.xctest */ = {isa = PBXFileReference; explicitFileType = wrapper.cfbundle; includeInIndex = 0; path = FortuneCatUITests.xctest; sourceTree = BUILT_PRODUCTS_DIR; };
		1F5DA2DA23DCF08E002B5799 /* FortuneCatUITests.swift */ = {isa = PBXFileReference; lastKnownFileType = sourcecode.swift; path = FortuneCatUITests.swift; sourceTree = "<group>"; };
		1F5DA2DC23DCF08E002B5799 /* Info.plist */ = {isa = PBXFileReference; lastKnownFileType = text.plist.xml; path = Info.plist; sourceTree = "<group>"; };
		1F5DA2E823DCF2F1002B5799 /* CallToActionViewController.swift */ = {isa = PBXFileReference; lastKnownFileType = sourcecode.swift; path = CallToActionViewController.swift; sourceTree = "<group>"; };
/* End PBXFileReference section */

/* Begin PBXFrameworksBuildPhase section */
		1F5DA2AF23DCF08A002B5799 /* Frameworks */ = {
			isa = PBXFrameworksBuildPhase;
			buildActionMask = 2147483647;
			files = (
			);
			runOnlyForDeploymentPostprocessing = 0;
		};
		1F5DA2C823DCF08E002B5799 /* Frameworks */ = {
			isa = PBXFrameworksBuildPhase;
			buildActionMask = 2147483647;
			files = (
			);
			runOnlyForDeploymentPostprocessing = 0;
		};
		1F5DA2D323DCF08E002B5799 /* Frameworks */ = {
			isa = PBXFrameworksBuildPhase;
			buildActionMask = 2147483647;
			files = (
			);
			runOnlyForDeploymentPostprocessing = 0;
		};
/* End PBXFrameworksBuildPhase section */

/* Begin PBXGroup section */
		1F5DA2A923DCF08A002B5799 = {
			isa = PBXGroup;
			children = (
				1F5DA2B423DCF08A002B5799 /* FortuneCat */,
				1F5DA2CE23DCF08E002B5799 /* FortuneCatTests */,
				1F5DA2D923DCF08E002B5799 /* FortuneCatUITests */,
				1F5DA2B323DCF08A002B5799 /* Products */,
			);
			sourceTree = "<group>";
		};
		1F5DA2B323DCF08A002B5799 /* Products */ = {
			isa = PBXGroup;
			children = (
				1F5DA2B223DCF08A002B5799 /* FortuneCat.app */,
				1F5DA2CB23DCF08E002B5799 /* FortuneCatTests.xctest */,
				1F5DA2D623DCF08E002B5799 /* FortuneCatUITests.xctest */,
			);
			name = Products;
			sourceTree = "<group>";
		};
		1F5DA2B423DCF08A002B5799 /* FortuneCat */ = {
			isa = PBXGroup;
			children = (
				1F5DA2B523DCF08B002B5799 /* AppDelegate.swift */,
				1F5DA2B723DCF08B002B5799 /* SceneDelegate.swift */,
				1F5DA2B923DCF08B002B5799 /* IntroductionViewController.swift */,
				1F5DA2E823DCF2F1002B5799 /* CallToActionViewController.swift */,
				1F5BB70923DD21A4009C9B8E /* MyFortuneViewController.swift */,
				1F5DA2BB23DCF08B002B5799 /* Main.storyboard */,
				1F5DA2C123DCF08E002B5799 /* Assets.xcassets */,
				1F5DA2C323DCF08E002B5799 /* LaunchScreen.storyboard */,
				1F5DA2C623DCF08E002B5799 /* Info.plist */,
				1F5DA2BE23DCF08B002B5799 /* FortuneCat.xcdatamodeld */,
			);
			path = FortuneCat;
			sourceTree = "<group>";
		};
		1F5DA2CE23DCF08E002B5799 /* FortuneCatTests */ = {
			isa = PBXGroup;
			children = (
				1F5DA2CF23DCF08E002B5799 /* FortuneCatTests.swift */,
				1F5DA2D123DCF08E002B5799 /* Info.plist */,
			);
			path = FortuneCatTests;
			sourceTree = "<group>";
		};
		1F5DA2D923DCF08E002B5799 /* FortuneCatUITests */ = {
			isa = PBXGroup;
			children = (
				1F5DA2DA23DCF08E002B5799 /* FortuneCatUITests.swift */,
				1F5DA2DC23DCF08E002B5799 /* Info.plist */,
			);
			path = FortuneCatUITests;
			sourceTree = "<group>";
		};
/* End PBXGroup section */

/* Begin PBXNativeTarget section */
		1F5DA2B123DCF08A002B5799 /* FortuneCat */ = {
			isa = PBXNativeTarget;
			buildConfigurationList = 1F5DA2DF23DCF08E002B5799 /* Build configuration list for PBXNativeTarget "FortuneCat" */;
			buildPhases = (
				1F5DA2AE23DCF08A002B5799 /* Sources */,
				1F5DA2AF23DCF08A002B5799 /* Frameworks */,
				1F5DA2B023DCF08A002B5799 /* Resources */,
			);
			buildRules = (
			);
			dependencies = (
			);
			name = FortuneCat;
			productName = FortuneCat;
			productReference = 1F5DA2B223DCF08A002B5799 /* FortuneCat.app */;
			productType = "com.apple.product-type.application";
		};
		1F5DA2CA23DCF08E002B5799 /* FortuneCatTests */ = {
			isa = PBXNativeTarget;
			buildConfigurationList = 1F5DA2E223DCF08E002B5799 /* Build configuration list for PBXNativeTarget "FortuneCatTests" */;
			buildPhases = (
				1F5DA2C723DCF08E002B5799 /* Sources */,
				1F5DA2C823DCF08E002B5799 /* Frameworks */,
				1F5DA2C923DCF08E002B5799 /* Resources */,
			);
			buildRules = (
			);
			dependencies = (
				1F5DA2CD23DCF08E002B5799 /* PBXTargetDependency */,
			);
			name = FortuneCatTests;
			productName = FortuneCatTests;
			productReference = 1F5DA2CB23DCF08E002B5799 /* FortuneCatTests.xctest */;
			productType = "com.apple.product-type.bundle.unit-test";
		};
		1F5DA2D523DCF08E002B5799 /* FortuneCatUITests */ = {
			isa = PBXNativeTarget;
			buildConfigurationList = 1F5DA2E523DCF08E002B5799 /* Build configuration list for PBXNativeTarget "FortuneCatUITests" */;
			buildPhases = (
				1F5DA2D223DCF08E002B5799 /* Sources */,
				1F5DA2D323DCF08E002B5799 /* Frameworks */,
				1F5DA2D423DCF08E002B5799 /* Resources */,
			);
			buildRules = (
			);
			dependencies = (
				1F5DA2D823DCF08E002B5799 /* PBXTargetDependency */,
			);
			name = FortuneCatUITests;
			productName = FortuneCatUITests;
			productReference = 1F5DA2D623DCF08E002B5799 /* FortuneCatUITests.xctest */;
			productType = "com.apple.product-type.bundle.ui-testing";
		};
/* End PBXNativeTarget section */

/* Begin PBXProject section */
		1F5DA2AA23DCF08A002B5799 /* Project object */ = {
			isa = PBXProject;
			attributes = {
				LastSwiftUpdateCheck = 1130;
				LastUpgradeCheck = 1130;
				ORGANIZATIONNAME = Academy;
				TargetAttributes = {
					1F5DA2B123DCF08A002B5799 = {
						CreatedOnToolsVersion = 11.3.1;
					};
					1F5DA2CA23DCF08E002B5799 = {
						CreatedOnToolsVersion = 11.3.1;
						TestTargetID = 1F5DA2B123DCF08A002B5799;
					};
					1F5DA2D523DCF08E002B5799 = {
						CreatedOnToolsVersion = 11.3.1;
						TestTargetID = 1F5DA2B123DCF08A002B5799;
					};
				};
			};
			buildConfigurationList = 1F5DA2AD23DCF08A002B5799 /* Build configuration list for PBXProject "FortuneCat" */;
			compatibilityVersion = "Xcode 9.3";
			developmentRegion = en;
			hasScannedForEncodings = 0;
			knownRegions = (
				en,
				Base,
			);
			mainGroup = 1F5DA2A923DCF08A002B5799;
			productRefGroup = 1F5DA2B323DCF08A002B5799 /* Products */;
			projectDirPath = "";
			projectRoot = "";
			targets = (
				1F5DA2B123DCF08A002B5799 /* FortuneCat */,
				1F5DA2CA23DCF08E002B5799 /* FortuneCatTests */,
				1F5DA2D523DCF08E002B5799 /* FortuneCatUITests */,
			);
		};
/* End PBXProject section */

/* Begin PBXResourcesBuildPhase section */
		1F5DA2B023DCF08A002B5799 /* Resources */ = {
			isa = PBXResourcesBuildPhase;
			buildActionMask = 2147483647;
			files = (
				1F5DA2C523DCF08E002B5799 /* LaunchScreen.storyboard in Resources */,
				1F5DA2C223DCF08E002B5799 /* Assets.xcassets in Resources */,
				1F5DA2BD23DCF08B002B5799 /* Main.storyboard in Resources */,
			);
			runOnlyForDeploymentPostprocessing = 0;
		};
		1F5DA2C923DCF08E002B5799 /* Resources */ = {
			isa = PBXResourcesBuildPhase;
			buildActionMask = 2147483647;
			files = (
			);
			runOnlyForDeploymentPostprocessing = 0;
		};
		1F5DA2D423DCF08E002B5799 /* Resources */ = {
			isa = PBXResourcesBuildPhase;
			buildActionMask = 2147483647;
			files = (
			);
			runOnlyForDeploymentPostprocessing = 0;
		};
/* End PBXResourcesBuildPhase section */

/* Begin PBXSourcesBuildPhase section */
		1F5DA2AE23DCF08A002B5799 /* Sources */ = {
			isa = PBXSourcesBuildPhase;
			buildActionMask = 2147483647;
			files = (
				1F5BB70A23DD21A4009C9B8E /* MyFortuneViewController.swift in Sources */,
				1F5DA2BA23DCF08B002B5799 /* IntroductionViewController.swift in Sources */,
				1F5DA2E923DCF2F1002B5799 /* CallToActionViewController.swift in Sources */,
				1F5DA2B623DCF08B002B5799 /* AppDelegate.swift in Sources */,
				1F5DA2C023DCF08B002B5799 /* FortuneCat.xcdatamodeld in Sources */,
				1F5DA2B823DCF08B002B5799 /* SceneDelegate.swift in Sources */,
			);
			runOnlyForDeploymentPostprocessing = 0;
		};
		1F5DA2C723DCF08E002B5799 /* Sources */ = {
			isa = PBXSourcesBuildPhase;
			buildActionMask = 2147483647;
			files = (
				1F5DA2D023DCF08E002B5799 /* FortuneCatTests.swift in Sources */,
			);
			runOnlyForDeploymentPostprocessing = 0;
		};
		1F5DA2D223DCF08E002B5799 /* Sources */ = {
			isa = PBXSourcesBuildPhase;
			buildActionMask = 2147483647;
			files = (
				1F5DA2DB23DCF08E002B5799 /* FortuneCatUITests.swift in Sources */,
			);
			runOnlyForDeploymentPostprocessing = 0;
		};
/* End PBXSourcesBuildPhase section */

/* Begin PBXTargetDependency section */
		1F5DA2CD23DCF08E002B5799 /* PBXTargetDependency */ = {
			isa = PBXTargetDependency;
			target = 1F5DA2B123DCF08A002B5799 /* FortuneCat */;
			targetProxy = 1F5DA2CC23DCF08E002B5799 /* PBXContainerItemProxy */;
		};
		1F5DA2D823DCF08E002B5799 /* PBXTargetDependency */ = {
			isa = PBXTargetDependency;
			target = 1F5DA2B123DCF08A002B5799 /* FortuneCat */;
			targetProxy = 1F5DA2D723DCF08E002B5799 /* PBXContainerItemProxy */;
		};
/* End PBXTargetDependency section */

/* Begin PBXVariantGroup section */
		1F5DA2BB23DCF08B002B5799 /* Main.storyboard */ = {
			isa = PBXVariantGroup;
			children = (
				1F5DA2BC23DCF08B002B5799 /* Base */,
			);
			name = Main.storyboard;
			sourceTree = "<group>";
		};
		1F5DA2C323DCF08E002B5799 /* LaunchScreen.storyboard */ = {
			isa = PBXVariantGroup;
			children = (
				1F5DA2C423DCF08E002B5799 /* Base */,
			);
			name = LaunchScreen.storyboard;
			sourceTree = "<group>";
		};
/* End PBXVariantGroup section */

/* Begin XCBuildConfiguration section */
		1F5DA2DD23DCF08E002B5799 /* Debug */ = {
			isa = XCBuildConfiguration;
			buildSettings = {
				ALWAYS_SEARCH_USER_PATHS = NO;
				CLANG_ANALYZER_NONNULL = YES;
				CLANG_ANALYZER_NUMBER_OBJECT_CONVERSION = YES_AGGRESSIVE;
				CLANG_CXX_LANGUAGE_STANDARD = "gnu++14";
				CLANG_CXX_LIBRARY = "libc++";
				CLANG_ENABLE_MODULES = YES;
				CLANG_ENABLE_OBJC_ARC = YES;
				CLANG_ENABLE_OBJC_WEAK = YES;
				CLANG_WARN_BLOCK_CAPTURE_AUTORELEASING = YES;
				CLANG_WARN_BOOL_CONVERSION = YES;
				CLANG_WARN_COMMA = YES;
				CLANG_WARN_CONSTANT_CONVERSION = YES;
				CLANG_WARN_DEPRECATED_OBJC_IMPLEMENTATIONS = YES;
				CLANG_WARN_DIRECT_OBJC_ISA_USAGE = YES_ERROR;
				CLANG_WARN_DOCUMENTATION_COMMENTS = YES;
				CLANG_WARN_EMPTY_BODY = YES;
				CLANG_WARN_ENUM_CONVERSION = YES;
				CLANG_WARN_INFINITE_RECURSION = YES;
				CLANG_WARN_INT_CONVERSION = YES;
				CLANG_WARN_NON_LITERAL_NULL_CONVERSION = YES;
				CLANG_WARN_OBJC_IMPLICIT_RETAIN_SELF = YES;
				CLANG_WARN_OBJC_LITERAL_CONVERSION = YES;
				CLANG_WARN_OBJC_ROOT_CLASS = YES_ERROR;
				CLANG_WARN_RANGE_LOOP_ANALYSIS = YES;
				CLANG_WARN_STRICT_PROTOTYPES = YES;
				CLANG_WARN_SUSPICIOUS_MOVE = YES;
				CLANG_WARN_UNGUARDED_AVAILABILITY = YES_AGGRESSIVE;
				CLANG_WARN_UNREACHABLE_CODE = YES;
				CLANG_WARN__DUPLICATE_METHOD_MATCH = YES;
				COPY_PHASE_STRIP = NO;
				DEBUG_INFORMATION_FORMAT = dwarf;
				ENABLE_STRICT_OBJC_MSGSEND = YES;
				ENABLE_TESTABILITY = YES;
				GCC_C_LANGUAGE_STANDARD = gnu11;
				GCC_DYNAMIC_NO_PIC = NO;
				GCC_NO_COMMON_BLOCKS = YES;
				GCC_OPTIMIZATION_LEVEL = 0;
				GCC_PREPROCESSOR_DEFINITIONS = (
					"DEBUG=1",
					"$(inherited)",
				);
				GCC_WARN_64_TO_32_BIT_CONVERSION = YES;
				GCC_WARN_ABOUT_RETURN_TYPE = YES_ERROR;
				GCC_WARN_UNDECLARED_SELECTOR = YES;
				GCC_WARN_UNINITIALIZED_AUTOS = YES_AGGRESSIVE;
				GCC_WARN_UNUSED_FUNCTION = YES;
				GCC_WARN_UNUSED_VARIABLE = YES;
				IPHONEOS_DEPLOYMENT_TARGET = 13.2;
				MTL_ENABLE_DEBUG_INFO = INCLUDE_SOURCE;
				MTL_FAST_MATH = YES;
				ONLY_ACTIVE_ARCH = YES;
				SDKROOT = iphoneos;
				SWIFT_ACTIVE_COMPILATION_CONDITIONS = DEBUG;
				SWIFT_OPTIMIZATION_LEVEL = "-Onone";
			};
			name = Debug;
		};
		1F5DA2DE23DCF08E002B5799 /* Release */ = {
			isa = XCBuildConfiguration;
			buildSettings = {
				ALWAYS_SEARCH_USER_PATHS = NO;
				CLANG_ANALYZER_NONNULL = YES;
				CLANG_ANALYZER_NUMBER_OBJECT_CONVERSION = YES_AGGRESSIVE;
				CLANG_CXX_LANGUAGE_STANDARD = "gnu++14";
				CLANG_CXX_LIBRARY = "libc++";
				CLANG_ENABLE_MODULES = YES;
				CLANG_ENABLE_OBJC_ARC = YES;
				CLANG_ENABLE_OBJC_WEAK = YES;
				CLANG_WARN_BLOCK_CAPTURE_AUTORELEASING = YES;
				CLANG_WARN_BOOL_CONVERSION = YES;
				CLANG_WARN_COMMA = YES;
				CLANG_WARN_CONSTANT_CONVERSION = YES;
				CLANG_WARN_DEPRECATED_OBJC_IMPLEMENTATIONS = YES;
				CLANG_WARN_DIRECT_OBJC_ISA_USAGE = YES_ERROR;
				CLANG_WARN_DOCUMENTATION_COMMENTS = YES;
				CLANG_WARN_EMPTY_BODY = YES;
				CLANG_WARN_ENUM_CONVERSION = YES;
				CLANG_WARN_INFINITE_RECURSION = YES;
				CLANG_WARN_INT_CONVERSION = YES;
				CLANG_WARN_NON_LITERAL_NULL_CONVERSION = YES;
				CLANG_WARN_OBJC_IMPLICIT_RETAIN_SELF = YES;
				CLANG_WARN_OBJC_LITERAL_CONVERSION = YES;
				CLANG_WARN_OBJC_ROOT_CLASS = YES_ERROR;
				CLANG_WARN_RANGE_LOOP_ANALYSIS = YES;
				CLANG_WARN_STRICT_PROTOTYPES = YES;
				CLANG_WARN_SUSPICIOUS_MOVE = YES;
				CLANG_WARN_UNGUARDED_AVAILABILITY = YES_AGGRESSIVE;
				CLANG_WARN_UNREACHABLE_CODE = YES;
				CLANG_WARN__DUPLICATE_METHOD_MATCH = YES;
				COPY_PHASE_STRIP = NO;
				DEBUG_INFORMATION_FORMAT = "dwarf-with-dsym";
				ENABLE_NS_ASSERTIONS = NO;
				ENABLE_STRICT_OBJC_MSGSEND = YES;
				GCC_C_LANGUAGE_STANDARD = gnu11;
				GCC_NO_COMMON_BLOCKS = YES;
				GCC_WARN_64_TO_32_BIT_CONVERSION = YES;
				GCC_WARN_ABOUT_RETURN_TYPE = YES_ERROR;
				GCC_WARN_UNDECLARED_SELECTOR = YES;
				GCC_WARN_UNINITIALIZED_AUTOS = YES_AGGRESSIVE;
				GCC_WARN_UNUSED_FUNCTION = YES;
				GCC_WARN_UNUSED_VARIABLE = YES;
				IPHONEOS_DEPLOYMENT_TARGET = 13.2;
				MTL_ENABLE_DEBUG_INFO = NO;
				MTL_FAST_MATH = YES;
				SDKROOT = iphoneos;
				SWIFT_COMPILATION_MODE = wholemodule;
				SWIFT_OPTIMIZATION_LEVEL = "-O";
				VALIDATE_PRODUCT = YES;
			};
			name = Release;
		};
		1F5DA2E023DCF08E002B5799 /* Debug */ = {
			isa = XCBuildConfiguration;
			buildSettings = {
				ASSETCATALOG_COMPILER_APPICON_NAME = AppIcon;
				CODE_SIGN_STYLE = Automatic;
				DEVELOPMENT_TEAM = T9WDNLZLLU;
				INFOPLIST_FILE = FortuneCat/Info.plist;
				LD_RUNPATH_SEARCH_PATHS = (
					"$(inherited)",
					"@executable_path/Frameworks",
				);
				PRODUCT_BUNDLE_IDENTIFIER = com.academy.FortuneCat;
				PRODUCT_NAME = "$(TARGET_NAME)";
				SWIFT_VERSION = 5.0;
				TARGETED_DEVICE_FAMILY = "1,2";
			};
			name = Debug;
		};
		1F5DA2E123DCF08E002B5799 /* Release */ = {
			isa = XCBuildConfiguration;
			buildSettings = {
				ASSETCATALOG_COMPILER_APPICON_NAME = AppIcon;
				CODE_SIGN_STYLE = Automatic;
				DEVELOPMENT_TEAM = T9WDNLZLLU;
				INFOPLIST_FILE = FortuneCat/Info.plist;
				LD_RUNPATH_SEARCH_PATHS = (
					"$(inherited)",
					"@executable_path/Frameworks",
				);
				PRODUCT_BUNDLE_IDENTIFIER = com.academy.FortuneCat;
				PRODUCT_NAME = "$(TARGET_NAME)";
				SWIFT_VERSION = 5.0;
				TARGETED_DEVICE_FAMILY = "1,2";
			};
			name = Release;
		};
		1F5DA2E323DCF08E002B5799 /* Debug */ = {
			isa = XCBuildConfiguration;
			buildSettings = {
				ALWAYS_EMBED_SWIFT_STANDARD_LIBRARIES = YES;
				BUNDLE_LOADER = "$(TEST_HOST)";
				CODE_SIGN_STYLE = Automatic;
				DEVELOPMENT_TEAM = T9WDNLZLLU;
				INFOPLIST_FILE = FortuneCatTests/Info.plist;
				IPHONEOS_DEPLOYMENT_TARGET = 13.2;
				LD_RUNPATH_SEARCH_PATHS = (
					"$(inherited)",
					"@executable_path/Frameworks",
					"@loader_path/Frameworks",
				);
				PRODUCT_BUNDLE_IDENTIFIER = com.academy.FortuneCatTests;
				PRODUCT_NAME = "$(TARGET_NAME)";
				SWIFT_VERSION = 5.0;
				TARGETED_DEVICE_FAMILY = "1,2";
				TEST_HOST = "$(BUILT_PRODUCTS_DIR)/FortuneCat.app/FortuneCat";
			};
			name = Debug;
		};
		1F5DA2E423DCF08E002B5799 /* Release */ = {
			isa = XCBuildConfiguration;
			buildSettings = {
				ALWAYS_EMBED_SWIFT_STANDARD_LIBRARIES = YES;
				BUNDLE_LOADER = "$(TEST_HOST)";
				CODE_SIGN_STYLE = Automatic;
				DEVELOPMENT_TEAM = T9WDNLZLLU;
				INFOPLIST_FILE = FortuneCatTests/Info.plist;
				IPHONEOS_DEPLOYMENT_TARGET = 13.2;
				LD_RUNPATH_SEARCH_PATHS = (
					"$(inherited)",
					"@executable_path/Frameworks",
					"@loader_path/Frameworks",
				);
				PRODUCT_BUNDLE_IDENTIFIER = com.academy.FortuneCatTests;
				PRODUCT_NAME = "$(TARGET_NAME)";
				SWIFT_VERSION = 5.0;
				TARGETED_DEVICE_FAMILY = "1,2";
				TEST_HOST = "$(BUILT_PRODUCTS_DIR)/FortuneCat.app/FortuneCat";
			};
			name = Release;
		};
		1F5DA2E623DCF08E002B5799 /* Debug */ = {
			isa = XCBuildConfiguration;
			buildSettings = {
				ALWAYS_EMBED_SWIFT_STANDARD_LIBRARIES = YES;
				CODE_SIGN_STYLE = Automatic;
				DEVELOPMENT_TEAM = T9WDNLZLLU;
				INFOPLIST_FILE = FortuneCatUITests/Info.plist;
				LD_RUNPATH_SEARCH_PATHS = (
					"$(inherited)",
					"@executable_path/Frameworks",
					"@loader_path/Frameworks",
				);
				PRODUCT_BUNDLE_IDENTIFIER = com.academy.FortuneCatUITests;
				PRODUCT_NAME = "$(TARGET_NAME)";
				SWIFT_VERSION = 5.0;
				TARGETED_DEVICE_FAMILY = "1,2";
				TEST_TARGET_NAME = FortuneCat;
			};
			name = Debug;
		};
		1F5DA2E723DCF08E002B5799 /* Release */ = {
			isa = XCBuildConfiguration;
			buildSettings = {
				ALWAYS_EMBED_SWIFT_STANDARD_LIBRARIES = YES;
				CODE_SIGN_STYLE = Automatic;
				DEVELOPMENT_TEAM = T9WDNLZLLU;
				INFOPLIST_FILE = FortuneCatUITests/Info.plist;
				LD_RUNPATH_SEARCH_PATHS = (
					"$(inherited)",
					"@executable_path/Frameworks",
					"@loader_path/Frameworks",
				);
				PRODUCT_BUNDLE_IDENTIFIER = com.academy.FortuneCatUITests;
				PRODUCT_NAME = "$(TARGET_NAME)";
				SWIFT_VERSION = 5.0;
				TARGETED_DEVICE_FAMILY = "1,2";
				TEST_TARGET_NAME = FortuneCat;
			};
			name = Release;
		};
/* End XCBuildConfiguration section */

/* Begin XCConfigurationList section */
		1F5DA2AD23DCF08A002B5799 /* Build configuration list for PBXProject "FortuneCat" */ = {
			isa = XCConfigurationList;
			buildConfigurations = (
				1F5DA2DD23DCF08E002B5799 /* Debug */,
				1F5DA2DE23DCF08E002B5799 /* Release */,
			);
			defaultConfigurationIsVisible = 0;
			defaultConfigurationName = Release;
		};
		1F5DA2DF23DCF08E002B5799 /* Build configuration list for PBXNativeTarget "FortuneCat" */ = {
			isa = XCConfigurationList;
			buildConfigurations = (
				1F5DA2E023DCF08E002B5799 /* Debug */,
				1F5DA2E123DCF08E002B5799 /* Release */,
			);
			defaultConfigurationIsVisible = 0;
			defaultConfigurationName = Release;
		};
		1F5DA2E223DCF08E002B5799 /* Build configuration list for PBXNativeTarget "FortuneCatTests" */ = {
			isa = XCConfigurationList;
			buildConfigurations = (
				1F5DA2E323DCF08E002B5799 /* Debug */,
				1F5DA2E423DCF08E002B5799 /* Release */,
			);
			defaultConfigurationIsVisible = 0;
			defaultConfigurationName = Release;
		};
		1F5DA2E523DCF08E002B5799 /* Build configuration list for PBXNativeTarget "FortuneCatUITests" */ = {
			isa = XCConfigurationList;
			buildConfigurations = (
				1F5DA2E623DCF08E002B5799 /* Debug */,
				1F5DA2E723DCF08E002B5799 /* Release */,
			);
			defaultConfigurationIsVisible = 0;
			defaultConfigurationName = Release;
		};
/* End XCConfigurationList section */

/* Begin XCVersionGroup section */
		1F5DA2BE23DCF08B002B5799 /* FortuneCat.xcdatamodeld */ = {
			isa = XCVersionGroup;
			children = (
				1F5DA2BF23DCF08B002B5799 /* FortuneCat.xcdatamodel */,
			);
			currentVersion = 1F5DA2BF23DCF08B002B5799 /* FortuneCat.xcdatamodel */;
			path = FortuneCat.xcdatamodeld;
			sourceTree = "<group>";
			versionGroupType = wrapper.xcdatamodel;
		};
/* End XCVersionGroup section */
	};
	rootObject = 1F5DA2AA23DCF08A002B5799 /* Project object */;
}
